
Microsoft Visual Studio Solution File, Format Version 12.00
# Visual Studio 15
VisualStudioVersion = 15.0.28307.852
MinimumVisualStudioVersion = 10.0.40219.1
Project("{FAE04EC0-301F-11D3-BF4B-00C04F79EFBC}") = "ezJapaneseBasic.Android", "ezJapaneseBasic\ezJapaneseBasic.Android\ezJapaneseBasic.Android.csproj", "{03638DC6-77A1-4C53-996C-F2267CD9CEC8}"
EndProject
Project("{FAE04EC0-301F-11D3-BF4B-00C04F79EFBC}") = "ezJapaneseBasic.iOS", "ezJapaneseBasic\ezJapaneseBasic.iOS\ezJapaneseBasic.iOS.csproj", "{5F9CEEF4-449B-457C-B0A9-5ABB8527F56C}"
EndProject
Project("{FAE04EC0-301F-11D3-BF4B-00C04F79EFBC}") = "ezJapaneseBasic", "ezJapaneseBasic\ezJapaneseBasic\ezJapaneseBasic.csproj", "{27FCEDD2-7F7A-4C09-95D9-B98B4BEF9C56}"
EndProject
Global
	GlobalSection(SolutionConfigurationPlatforms) = preSolution
		Ad-Hoc|Any CPU = Ad-Hoc|Any CPU
		Ad-Hoc|iPhone = Ad-Hoc|iPhone
		Ad-Hoc|iPhoneSimulator = Ad-Hoc|iPhoneSimulator
		AppStore|Any CPU = AppStore|Any CPU
		AppStore|iPhone = AppStore|iPhone
		AppStore|iPhoneSimulator = AppStore|iPhoneSimulator
		Debug|Any CPU = Debug|Any CPU
		Debug|iPhone = Debug|iPhone
		Debug|iPhoneSimulator = Debug|iPhoneSimulator
		Release|Any CPU = Release|Any CPU
		Release|iPhone = Release|iPhone
		Release|iPhoneSimulator = Release|iPhoneSimulator
	EndGlobalSection
	GlobalSection(ProjectConfigurationPlatforms) = postSolution
		{03638DC6-77A1-4C53-996C-F2267CD9CEC8}.Ad-Hoc|Any CPU.ActiveCfg = Release|Any CPU
		{03638DC6-77A1-4C53-996C-F2267CD9CEC8}.Ad-Hoc|Any CPU.Build.0 = Release|Any CPU
		{03638DC6-77A1-4C53-996C-F2267CD9CEC8}.Ad-Hoc|Any CPU.Deploy.0 = Release|Any CPU
		{03638DC6-77A1-4C53-996C-F2267CD9CEC8}.Ad-Hoc|iPhone.ActiveCfg = Release|Any CPU
		{03638DC6-77A1-4C53-996C-F2267CD9CEC8}.Ad-Hoc|iPhone.Build.0 = Release|Any CPU
		{03638DC6-77A1-4C53-996C-F2267CD9CEC8}.Ad-Hoc|iPhone.Deploy.0 = Release|Any CPU
		{03638DC6-77A1-4C53-996C-F2267CD9CEC8}.Ad-Hoc|iPhoneSimulator.ActiveCfg = Release|Any CPU
		{03638DC6-77A1-4C53-996C-F2267CD9CEC8}.Ad-Hoc|iPhoneSimulator.Build.0 = Release|Any CPU
		{03638DC6-77A1-4C53-996C-F2267CD9CEC8}.Ad-Hoc|iPhoneSimulator.Deploy.0 = Release|Any CPU
		{03638DC6-77A1-4C53-996C-F2267CD9CEC8}.AppStore|Any CPU.ActiveCfg = Release|Any CPU
		{03638DC6-77A1-4C53-996C-F2267CD9CEC8}.AppStore|Any CPU.Build.0 = Release|Any CPU
		{03638DC6-77A1-4C53-996C-F2267CD9CEC8}.AppStore|Any CPU.Deploy.0 = Release|Any CPU
		{03638DC6-77A1-4C53-996C-F2267CD9CEC8}.AppStore|iPhone.ActiveCfg = Release|Any CPU
		{03638DC6-77A1-4C53-996C-F2267CD9CEC8}.AppStore|iPhone.Build.0 = Release|Any CPU
		{03638DC6-77A1-4C53-996C-F2267CD9CEC8}.AppStore|iPhone.Deploy.0 = Release|Any CPU
		{03638DC6-77A1-4C53-996C-F2267CD9CEC8}.AppStore|iPhoneSimulator.ActiveCfg = Release|Any CPU
		{03638DC6-77A1-4C53-996C-F2267CD9CEC8}.AppStore|iPhoneSimulator.Build.0 = Release|Any CPU
		{03638DC6-77A1-4C53-996C-F2267CD9CEC8}.AppStore|iPhoneSimulator.Deploy.0 = Release|Any CPU
		{03638DC6-77A1-4C53-996C-F2267CD9CEC8}.Debug|Any CPU.ActiveCfg = Debug|Any CPU
		{03638DC6-77A1-4C53-996C-F2267CD9CEC8}.Debug|Any CPU.Build.0 = Debug|Any CPU
		{03638DC6-77A1-4C53-996C-F2267CD9CEC8}.Debug|Any CPU.Deploy.0 = Debug|Any CPU
		{03638DC6-77A1-4C53-996C-F2267CD9CEC8}.Debug|iPhone.ActiveCfg = Debug|Any CPU
		{03638DC6-77A1-4C53-996C-F2267CD9CEC8}.Debug|iPhone.Build.0 = Debug|Any CPU
		{03638DC6-77A1-4C53-996C-F2267CD9CEC8}.Debug|iPhone.Deploy.0 = Debug|Any CPU
		{03638DC6-77A1-4C53-996C-F2267CD9CEC8}.Debug|iPhoneSimulator.ActiveCfg = Debug|Any CPU
		{03638DC6-77A1-4C53-996C-F2267CD9CEC8}.Debug|iPhoneSimulator.Build.0 = Debug|Any CPU
		{03638DC6-77A1-4C53-996C-F2267CD9CEC8}.Debug|iPhoneSimulator.Deploy.0 = Debug|Any CPU
		{03638DC6-77A1-4C53-996C-F2267CD9CEC8}.Release|Any CPU.ActiveCfg = Release|Any CPU
		{03638DC6-77A1-4C53-996C-F2267CD9CEC8}.Release|Any CPU.Build.0 = Release|Any CPU
		{03638DC6-77A1-4C53-996C-F2267CD9CEC8}.Release|Any CPU.Deploy.0 = Release|Any CPU
		{03638DC6-77A1-4C53-996C-F2267CD9CEC8}.Release|iPhone.ActiveCfg = Release|Any CPU
		{03638DC6-77A1-4C53-996C-F2267CD9CEC8}.Release|iPhone.Build.0 = Release|Any CPU
		{03638DC6-77A1-4C53-996C-F2267CD9CEC8}.Release|iPhone.Deploy.0 = Release|Any CPU
		{03638DC6-77A1-4C53-996C-F2267CD9CEC8}.Release|iPhoneSimulator.ActiveCfg = Release|Any CPU
		{03638DC6-77A1-4C53-996C-F2267CD9CEC8}.Release|iPhoneSimulator.Build.0 = Release|Any CPU
		{03638DC6-77A1-4C53-996C-F2267CD9CEC8}.Release|iPhoneSimulator.Deploy.0 = Release|Any CPU
		{5F9CEEF4-449B-457C-B0A9-5ABB8527F56C}.Ad-Hoc|Any CPU.ActiveCfg = Ad-Hoc|iPhone
		{5F9CEEF4-449B-457C-B0A9-5ABB8527F56C}.Ad-Hoc|Any CPU.Build.0 = Ad-Hoc|iPhone
		{5F9CEEF4-449B-457C-B0A9-5ABB8527F56C}.Ad-Hoc|Any CPU.Deploy.0 = Ad-Hoc|iPhone
		{5F9CEEF4-449B-457C-B0A9-5ABB8527F56C}.Ad-Hoc|iPhone.ActiveCfg = Ad-Hoc|iPhone
		{5F9CEEF4-449B-457C-B0A9-5ABB8527F56C}.Ad-Hoc|iPhone.Build.0 = Ad-Hoc|iPhone
		{5F9CEEF4-449B-457C-B0A9-5ABB8527F56C}.Ad-Hoc|iPhone.Deploy.0 = Ad-Hoc|iPhone
		{5F9CEEF4-449B-457C-B0A9-5ABB8527F56C}.Ad-Hoc|iPhoneSimulator.ActiveCfg = Ad-Hoc|iPhoneSimulator
		{5F9CEEF4-449B-457C-B0A9-5ABB8527F56C}.Ad-Hoc|iPhoneSimulator.Build.0 = Ad-Hoc|iPhoneSimulator
		{5F9CEEF4-449B-457C-B0A9-5ABB8527F56C}.Ad-Hoc|iPhoneSimulator.Deploy.0 = Ad-Hoc|iPhoneSimulator
		{5F9CEEF4-449B-457C-B0A9-5ABB8527F56C}.AppStore|Any CPU.ActiveCfg = AppStore|iPhone
		{5F9CEEF4-449B-457C-B0A9-5ABB8527F56C}.AppStore|Any CPU.Build.0 = AppStore|iPhone
		{5F9CEEF4-449B-457C-B0A9-5ABB8527F56C}.AppStore|Any CPU.Deploy.0 = AppStore|iPhone
		{5F9CEEF4-449B-457C-B0A9-5ABB8527F56C}.AppStore|iPhone.ActiveCfg = AppStore|iPhone
		{5F9CEEF4-449B-457C-B0A9-5ABB8527F56C}.AppStore|iPhone.Build.0 = AppStore|iPhone
		{5F9CEEF4-449B-457C-B0A9-5ABB8527F56C}.AppStore|iPhone.Deploy.0 = AppStore|iPhone
		{5F9CEEF4-449B-457C-B0A9-5ABB8527F56C}.AppStore|iPhoneSimulator.ActiveCfg = AppStore|iPhoneSimulator
		{5F9CEEF4-449B-457C-B0A9-5ABB8527F56C}.AppStore|iPhoneSimulator.Build.0 = AppStore|iPhoneSimulator
		{5F9CEEF4-449B-457C-B0A9-5ABB8527F56C}.AppStore|iPhoneSimulator.Deploy.0 = AppStore|iPhoneSimulator
		{5F9CEEF4-449B-457C-B0A9-5ABB8527F56C}.Debug|Any CPU.ActiveCfg = Debug|iPhoneSimulator
		{5F9CEEF4-449B-457C-B0A9-5ABB8527F56C}.Debug|Any CPU.Build.0 = Debug|iPhoneSimulator
		{5F9CEEF4-449B-457C-B0A9-5ABB8527F56C}.Debug|Any CPU.Deploy.0 = Debug|iPhoneSimulator
		{5F9CEEF4-449B-457C-B0A9-5ABB8527F56C}.Debug|iPhone.ActiveCfg = Debug|iPhone
		{5F9CEEF4-449B-457C-B0A9-5ABB8527F56C}.Debug|iPhone.Build.0 = Debug|iPhone
		{5F9CEEF4-449B-457C-B0A9-5ABB8527F56C}.Debug|iPhone.Deploy.0 = Debug|iPhone
		{5F9CEEF4-449B-457C-B0A9-5ABB8527F56C}.Debug|iPhoneSimulator.ActiveCfg = Debug|iPhoneSimulator
		{5F9CEEF4-449B-457C-B0A9-5ABB8527F56C}.Debug|iPhoneSimulator.Build.0 = Debug|iPhoneSimulator
		{5F9CEEF4-449B-457C-B0A9-5ABB8527F56C}.Debug|iPhoneSimulator.Deploy.0 = Debug|iPhoneSimulator
		{5F9CEEF4-449B-457C-B0A9-5ABB8527F56C}.Release|Any CPU.ActiveCfg = Release|iPhone
		{5F9CEEF4-449B-457C-B0A9-5ABB8527F56C}.Release|Any CPU.Build.0 = Release|iPhone
		{5F9CEEF4-449B-457C-B0A9-5ABB8527F56C}.Release|Any CPU.Deploy.0 = Release|iPhone
		{5F9CEEF4-449B-457C-B0A9-5ABB8527F56C}.Release|iPhone.ActiveCfg = Release|iPhone
		{5F9CEEF4-449B-457C-B0A9-5ABB8527F56C}.Release|iPhone.Build.0 = Release|iPhone
		{5F9CEEF4-449B-457C-B0A9-5ABB8527F56C}.Release|iPhone.Deploy.0 = Release|iPhone
		{5F9CEEF4-449B-457C-B0A9-5ABB8527F56C}.Release|iPhoneSimulator.ActiveCfg = Release|iPhoneSimulator
		{5F9CEEF4-449B-457C-B0A9-5ABB8527F56C}.Release|iPhoneSimulator.Build.0 = Release|iPhoneSimulator
		{5F9CEEF4-449B-457C-B0A9-5ABB8527F56C}.Release|iPhoneSimulator.Deploy.0 = Release|iPhoneSimulator
		{27FCEDD2-7F7A-4C09-95D9-B98B4BEF9C56}.Ad-Hoc|Any CPU.ActiveCfg = Debug|Any CPU
		{27FCEDD2-7F7A-4C09-95D9-B98B4BEF9C56}.Ad-Hoc|Any CPU.Build.0 = Debug|Any CPU
		{27FCEDD2-7F7A-4C09-95D9-B98B4BEF9C56}.Ad-Hoc|Any CPU.Deploy.0 = Debug|Any CPU
		{27FCEDD2-7F7A-4C09-95D9-B98B4BEF9C56}.Ad-Hoc|iPhone.ActiveCfg = Debug|Any CPU
		{27FCEDD2-7F7A-4C09-95D9-B98B4BEF9C56}.Ad-Hoc|iPhone.Build.0 = Debug|Any CPU
		{27FCEDD2-7F7A-4C09-95D9-B98B4BEF9C56}.Ad-Hoc|iPhone.Deploy.0 = Debug|Any CPU
		{27FCEDD2-7F7A-4C09-95D9-B98B4BEF9C56}.Ad-Hoc|iPhoneSimulator.ActiveCfg = Debug|Any CPU
		{27FCEDD2-7F7A-4C09-95D9-B98B4BEF9C56}.Ad-Hoc|iPhoneSimulator.Build.0 = Debug|Any CPU
		{27FCEDD2-7F7A-4C09-95D9-B98B4BEF9C56}.Ad-Hoc|iPhoneSimulator.Deploy.0 = Debug|Any CPU
		{27FCEDD2-7F7A-4C09-95D9-B98B4BEF9C56}.AppStore|Any CPU.ActiveCfg = Debug|Any CPU
		{27FCEDD2-7F7A-4C09-95D9-B98B4BEF9C56}.AppStore|Any CPU.Build.0 = Debug|Any CPU
		{27FCEDD2-7F7A-4C09-95D9-B98B4BEF9C56}.AppStore|Any CPU.Deploy.0 = Debug|Any CPU
		{27FCEDD2-7F7A-4C09-95D9-B98B4BEF9C56}.AppStore|iPhone.ActiveCfg = Debug|Any CPU
		{27FCEDD2-7F7A-4C09-95D9-B98B4BEF9C56}.AppStore|iPhone.Build.0 = Debug|Any CPU
		{27FCEDD2-7F7A-4C09-95D9-B98B4BEF9C56}.AppStore|iPhone.Deploy.0 = Debug|Any CPU
		{27FCEDD2-7F7A-4C09-95D9-B98B4BEF9C56}.AppStore|iPhoneSimulator.ActiveCfg = Debug|Any CPU
		{27FCEDD2-7F7A-4C09-95D9-B98B4BEF9C56}.AppStore|iPhoneSimulator.Build.0 = Debug|Any CPU
		{27FCEDD2-7F7A-4C09-95D9-B98B4BEF9C56}.AppStore|iPhoneSimulator.Deploy.0 = Debug|Any CPU
		{27FCEDD2-7F7A-4C09-95D9-B98B4BEF9C56}.Debug|Any CPU.ActiveCfg = Debug|Any CPU
		{27FCEDD2-7F7A-4C09-95D9-B98B4BEF9C56}.Debug|Any CPU.Build.0 = Debug|Any CPU
		{27FCEDD2-7F7A-4C09-95D9-B98B4BEF9C56}.Debug|Any CPU.Deploy.0 = Debug|Any CPU
		{27FCEDD2-7F7A-4C09-95D9-B98B4BEF9C56}.Debug|iPhone.ActiveCfg = Debug|Any CPU
		{27FCEDD2-7F7A-4C09-95D9-B98B4BEF9C56}.Debug|iPhone.Build.0 = Debug|Any CPU
		{27FCEDD2-7F7A-4C09-95D9-B98B4BEF9C56}.Debug|iPhone.Deploy.0 = Debug|Any CPU
		{27FCEDD2-7F7A-4C09-95D9-B98B4BEF9C56}.Debug|iPhoneSimulator.ActiveCfg = Debug|Any CPU
		{27FCEDD2-7F7A-4C09-95D9-B98B4BEF9C56}.Debug|iPhoneSimulator.Build.0 = Debug|Any CPU
		{27FCEDD2-7F7A-4C09-95D9-B98B4BEF9C56}.Debug|iPhoneSimulator.Deploy.0 = Debug|Any CPU
		{27FCEDD2-7F7A-4C09-95D9-B98B4BEF9C56}.Release|Any CPU.ActiveCfg = Release|Any CPU
		{27FCEDD2-7F7A-4C09-95D9-B98B4BEF9C56}.Release|Any CPU.Build.0 = Release|Any CPU
		{27FCEDD2-7F7A-4C09-95D9-B98B4BEF9C56}.Release|Any CPU.Deploy.0 = Release|Any CPU
		{27FCEDD2-7F7A-4C09-95D9-B98B4BEF9C56}.Release|iPhone.ActiveCfg = Release|Any CPU
		{27FCEDD2-7F7A-4C09-95D9-B98B4BEF9C56}.Release|iPhone.Build.0 = Release|Any CPU
		{27FCEDD2-7F7A-4C09-95D9-B98B4BEF9C56}.Release|iPhone.Deploy.0 = Release|Any CPU
		{27FCEDD2-7F7A-4C09-95D9-B98B4BEF9C56}.Release|iPhoneSimulator.ActiveCfg = Release|Any CPU
		{27FCEDD2-7F7A-4C09-95D9-B98B4BEF9C56}.Release|iPhoneSimulator.Build.0 = Release|Any CPU
		{27FCEDD2-7F7A-4C09-95D9-B98B4BEF9C56}.Release|iPhoneSimulator.Deploy.0 = Release|Any CPU
	EndGlobalSection
	GlobalSection(SolutionProperties) = preSolution
		HideSolutionNode = FALSE
	EndGlobalSection
	GlobalSection(ExtensibilityGlobals) = postSolution
		SolutionGuid = {CA50B0AE-3DF9-43A4-96CA-02804206BB89}
	EndGlobalSection
EndGlobal
